
Microsoft Visual Studio Solution File, Format Version 12.00
# Visual Studio Version 17
VisualStudioVersion = 17.0.31903.59
MinimumVisualStudioVersion = 10.0.40219.1
Project("{2150E333-8FDC-42A3-9474-1A3956D46DE8}") = "src", "src", "{827E0CD3-B72D-47B6-A68D-7590B98EB39B}"
EndProject
Project("{FAE04EC0-301F-11D3-BF4B-00C04F79EFBC}") = "MFO.PartnerManagementService.API", "src\MFO.PartnerManagementService.API\MFO.PartnerManagementService.API.csproj", "{99326580-0258-4C7D-B20B-D77163AE084B}"
EndProject
Project("{FAE04EC0-301F-11D3-BF4B-00C04F79EFBC}") = "MFO.PartnerManagementService.Application", "src\MFO.PartnerManagementService.Application\MFO.PartnerManagementService.Application.csproj", "{740BE3C4-60B4-4EB5-8E29-B202BF46B0B9}"
EndProject
Project("{FAE04EC0-301F-11D3-BF4B-00C04F79EFBC}") = "MFO.PartnerManagementService.Domain", "src\MFO.PartnerManagementService.Domain\MFO.PartnerManagementService.Domain.csproj", "{A44EB38E-8147-4A91-9163-FA02193A95DA}"
EndProject
Project("{FAE04EC0-301F-11D3-BF4B-00C04F79EFBC}") = "MFO.PartnerManagementService.Infrastructure", "src\MFO.PartnerManagementService.Infrastructure\MFO.PartnerManagementService.Infrastructure.csproj", "{3411ED7D-776B-4BE5-B1F7-62E000434781}"
EndProject
Project("{2150E333-8FDC-42A3-9474-1A3956D46DE8}") = "tests", "tests", "{0AB3BF05-4346-4AA6-1389-037BE0695223}"
EndProject
Project("{FAE04EC0-301F-11D3-BF4B-00C04F79EFBC}") = "MFO.PartnerManagementService.UnitTests", "tests\MFO.PartnerManagementService.UnitTests\MFO.PartnerManagementService.UnitTests.csproj", "{BD6FCDBF-DF03-4015-80FA-0E7E890567E0}"
EndProject
Project("{FAE04EC0-301F-11D3-BF4B-00C04F79EFBC}") = "MFO.PartnerManagementService.IntegrationTests", "tests\MFO.PartnerManagementService.IntegrationTests\MFO.PartnerManagementService.IntegrationTests.csproj", "{5D2CECA0-3891-4AB8-B19C-E49018F4FA8D}"
EndProject
Global
	GlobalSection(SolutionConfigurationPlatforms) = preSolution
		Debug|Any CPU = Debug|Any CPU
		Debug|x64 = Debug|x64
		Debug|x86 = Debug|x86
		Release|Any CPU = Release|Any CPU
		Release|x64 = Release|x64
		Release|x86 = Release|x86
	EndGlobalSection
	GlobalSection(ProjectConfigurationPlatforms) = postSolution
		{99326580-0258-4C7D-B20B-D77163AE084B}.Debug|Any CPU.ActiveCfg = Debug|Any CPU
		{99326580-0258-4C7D-B20B-D77163AE084B}.Debug|Any CPU.Build.0 = Debug|Any CPU
		{99326580-0258-4C7D-B20B-D77163AE084B}.Debug|x64.ActiveCfg = Debug|Any CPU
		{99326580-0258-4C7D-B20B-D77163AE084B}.Debug|x64.Build.0 = Debug|Any CPU
		{99326580-0258-4C7D-B20B-D77163AE084B}.Debug|x86.ActiveCfg = Debug|Any CPU
		{99326580-0258-4C7D-B20B-D77163AE084B}.Debug|x86.Build.0 = Debug|Any CPU
		{99326580-0258-4C7D-B20B-D77163AE084B}.Release|Any CPU.ActiveCfg = Release|Any CPU
		{99326580-0258-4C7D-B20B-D77163AE084B}.Release|Any CPU.Build.0 = Release|Any CPU
		{99326580-0258-4C7D-B20B-D77163AE084B}.Release|x64.ActiveCfg = Release|Any CPU
		{99326580-0258-4C7D-B20B-D77163AE084B}.Release|x64.Build.0 = Release|Any CPU
		{99326580-0258-4C7D-B20B-D77163AE084B}.Release|x86.ActiveCfg = Release|Any CPU
		{99326580-0258-4C7D-B20B-D77163AE084B}.Release|x86.Build.0 = Release|Any CPU
		{740BE3C4-60B4-4EB5-8E29-B202BF46B0B9}.Debug|Any CPU.ActiveCfg = Debug|Any CPU
		{740BE3C4-60B4-4EB5-8E29-B202BF46B0B9}.Debug|Any CPU.Build.0 = Debug|Any CPU
		{740BE3C4-60B4-4EB5-8E29-B202BF46B0B9}.Debug|x64.ActiveCfg = Debug|Any CPU
		{740BE3C4-60B4-4EB5-8E29-B202BF46B0B9}.Debug|x64.Build.0 = Debug|Any CPU
		{740BE3C4-60B4-4EB5-8E29-B202BF46B0B9}.Debug|x86.ActiveCfg = Debug|Any CPU
		{740BE3C4-60B4-4EB5-8E29-B202BF46B0B9}.Debug|x86.Build.0 = Debug|Any CPU
		{740BE3C4-60B4-4EB5-8E29-B202BF46B0B9}.Release|Any CPU.ActiveCfg = Release|Any CPU
		{740BE3C4-60B4-4EB5-8E29-B202BF46B0B9}.Release|Any CPU.Build.0 = Release|Any CPU
		{740BE3C4-60B4-4EB5-8E29-B202BF46B0B9}.Release|x64.ActiveCfg = Release|Any CPU
		{740BE3C4-60B4-4EB5-8E29-B202BF46B0B9}.Release|x64.Build.0 = Release|Any CPU
		{740BE3C4-60B4-4EB5-8E29-B202BF46B0B9}.Release|x86.ActiveCfg = Release|Any CPU
		{740BE3C4-60B4-4EB5-8E29-B202BF46B0B9}.Release|x86.Build.0 = Release|Any CPU
		{A44EB38E-8147-4A91-9163-FA02193A95DA}.Debug|Any CPU.ActiveCfg = Debug|Any CPU
		{A44EB38E-8147-4A91-9163-FA02193A95DA}.Debug|Any CPU.Build.0 = Debug|Any CPU
		{A44EB38E-8147-4A91-9163-FA02193A95DA}.Debug|x64.ActiveCfg = Debug|Any CPU
		{A44EB38E-8147-4A91-9163-FA02193A95DA}.Debug|x64.Build.0 = Debug|Any CPU
		{A44EB38E-8147-4A91-9163-FA02193A95DA}.Debug|x86.ActiveCfg = Debug|Any CPU
		{A44EB38E-8147-4A91-9163-FA02193A95DA}.Debug|x86.Build.0 = Debug|Any CPU
		{A44EB38E-8147-4A91-9163-FA02193A95DA}.Release|Any CPU.ActiveCfg = Release|Any CPU
		{A44EB38E-8147-4A91-9163-FA02193A95DA}.Release|Any CPU.Build.0 = Release|Any CPU
		{A44EB38E-8147-4A91-9163-FA02193A95DA}.Release|x64.ActiveCfg = Release|Any CPU
		{A44EB38E-8147-4A91-9163-FA02193A95DA}.Release|x64.Build.0 = Release|Any CPU
		{A44EB38E-8147-4A91-9163-FA02193A95DA}.Release|x86.ActiveCfg = Release|Any CPU
		{A44EB38E-8147-4A91-9163-FA02193A95DA}.Release|x86.Build.0 = Release|Any CPU
		{3411ED7D-776B-4BE5-B1F7-62E000434781}.Debug|Any CPU.ActiveCfg = Debug|Any CPU
		{3411ED7D-776B-4BE5-B1F7-62E000434781}.Debug|Any CPU.Build.0 = Debug|Any CPU
		{3411ED7D-776B-4BE5-B1F7-62E000434781}.Debug|x64.ActiveCfg = Debug|Any CPU
		{3411ED7D-776B-4BE5-B1F7-62E000434781}.Debug|x64.Build.0 = Debug|Any CPU
		{3411ED7D-776B-4BE5-B1F7-62E000434781}.Debug|x86.ActiveCfg = Debug|Any CPU
		{3411ED7D-776B-4BE5-B1F7-62E000434781}.Debug|x86.Build.0 = Debug|Any CPU
		{3411ED7D-776B-4BE5-B1F7-62E000434781}.Release|Any CPU.ActiveCfg = Release|Any CPU
		{3411ED7D-776B-4BE5-B1F7-62E000434781}.Release|Any CPU.Build.0 = Release|Any CPU
		{3411ED7D-776B-4BE5-B1F7-62E000434781}.Release|x64.ActiveCfg = Release|Any CPU
		{3411ED7D-776B-4BE5-B1F7-62E000434781}.Release|x64.Build.0 = Release|Any CPU
		{3411ED7D-776B-4BE5-B1F7-62E000434781}.Release|x86.ActiveCfg = Release|Any CPU
		{3411ED7D-776B-4BE5-B1F7-62E000434781}.Release|x86.Build.0 = Release|Any CPU
		{BD6FCDBF-DF03-4015-80FA-0E7E890567E0}.Debug|Any CPU.ActiveCfg = Debug|Any CPU
		{BD6FCDBF-DF03-4015-80FA-0E7E890567E0}.Debug|Any CPU.Build.0 = Debug|Any CPU
		{BD6FCDBF-DF03-4015-80FA-0E7E890567E0}.Debug|x64.ActiveCfg = Debug|Any CPU
		{BD6FCDBF-DF03-4015-80FA-0E7E890567E0}.Debug|x64.Build.0 = Debug|Any CPU
		{BD6FCDBF-DF03-4015-80FA-0E7E890567E0}.Debug|x86.ActiveCfg = Debug|Any CPU
		{BD6FCDBF-DF03-4015-80FA-0E7E890567E0}.Debug|x86.Build.0 = Debug|Any CPU
		{BD6FCDBF-DF03-4015-80FA-0E7E890567E0}.Release|Any CPU.ActiveCfg = Release|Any CPU
		{BD6FCDBF-DF03-4015-80FA-0E7E890567E0}.Release|Any CPU.Build.0 = Release|Any CPU
		{BD6FCDBF-DF03-4015-80FA-0E7E890567E0}.Release|x64.ActiveCfg = Release|Any CPU
		{BD6FCDBF-DF03-4015-80FA-0E7E890567E0}.Release|x64.Build.0 = Release|Any CPU
		{BD6FCDBF-DF03-4015-80FA-0E7E890567E0}.Release|x86.ActiveCfg = Release|Any CPU
		{BD6FCDBF-DF03-4015-80FA-0E7E890567E0}.Release|x86.Build.0 = Release|Any CPU
		{5D2CECA0-3891-4AB8-B19C-E49018F4FA8D}.Debug|Any CPU.ActiveCfg = Debug|Any CPU
		{5D2CECA0-3891-4AB8-B19C-E49018F4FA8D}.Debug|Any CPU.Build.0 = Debug|Any CPU
		{5D2CECA0-3891-4AB8-B19C-E49018F4FA8D}.Debug|x64.ActiveCfg = Debug|Any CPU
		{5D2CECA0-3891-4AB8-B19C-E49018F4FA8D}.Debug|x64.Build.0 = Debug|Any CPU
		{5D2CECA0-3891-4AB8-B19C-E49018F4FA8D}.Debug|x86.ActiveCfg = Debug|Any CPU
		{5D2CECA0-3891-4AB8-B19C-E49018F4FA8D}.Debug|x86.Build.0 = Debug|Any CPU
		{5D2CECA0-3891-4AB8-B19C-E49018F4FA8D}.Release|Any CPU.ActiveCfg = Release|Any CPU
		{5D2CECA0-3891-4AB8-B19C-E49018F4FA8D}.Release|Any CPU.Build.0 = Release|Any CPU
		{5D2CECA0-3891-4AB8-B19C-E49018F4FA8D}.Release|x64.ActiveCfg = Release|Any CPU
		{5D2CECA0-3891-4AB8-B19C-E49018F4FA8D}.Release|x64.Build.0 = Release|Any CPU
		{5D2CECA0-3891-4AB8-B19C-E49018F4FA8D}.Release|x86.ActiveCfg = Release|Any CPU
		{5D2CECA0-3891-4AB8-B19C-E49018F4FA8D}.Release|x86.Build.0 = Release|Any CPU
	EndGlobalSection
	GlobalSection(SolutionProperties) = preSolution
		HideSolutionNode = FALSE
	EndGlobalSection
	GlobalSection(NestedProjects) = preSolution
		{99326580-0258-4C7D-B20B-D77163AE084B} = {827E0CD3-B72D-47B6-A68D-7590B98EB39B}
		{740BE3C4-60B4-4EB5-8E29-B202BF46B0B9} = {827E0CD3-B72D-47B6-A68D-7590B98EB39B}
		{A44EB38E-8147-4A91-9163-FA02193A95DA} = {827E0CD3-B72D-47B6-A68D-7590B98EB39B}
		{3411ED7D-776B-4BE5-B1F7-62E000434781} = {827E0CD3-B72D-47B6-A68D-7590B98EB39B}
		{BD6FCDBF-DF03-4015-80FA-0E7E890567E0} = {0AB3BF05-4346-4AA6-1389-037BE0695223}
		{5D2CECA0-3891-4AB8-B19C-E49018F4FA8D} = {0AB3BF05-4346-4AA6-1389-037BE0695223}
	EndGlobalSection
EndGlobal
